// !$*UTF8*$!
{
	archiveVersion = 1;
	classes = {
	};
	objectVersion = 52;
	objects = {

/* Begin PBXBuildFile section */
		0A48824A2A17469500C2F9AC /* AppHomeViewController.swift in Sources */ = {isa = PBXBuildFile; fileRef = 0A4882492A17469500C2F9AC /* AppHomeViewController.swift */; };
		0A48824C2A1747E300C2F9AC /* OnboardingViewController.swift in Sources */ = {isa = PBXBuildFile; fileRef = 0A48824B2A1747E300C2F9AC /* OnboardingViewController.swift */; };
		0A5801322A0EC46F00487DB1 /* LoginScreenViewController.swift in Sources */ = {isa = PBXBuildFile; fileRef = 0A5801312A0EC46F00487DB1 /* LoginScreenViewController.swift */; };
		0A5801342A0EC6C100487DB1 /* ForgetPwdViewController.swift in Sources */ = {isa = PBXBuildFile; fileRef = 0A5801332A0EC6C100487DB1 /* ForgetPwdViewController.swift */; };
		0A5801362A0EC7FC00487DB1 /* LoginViewController.swift in Sources */ = {isa = PBXBuildFile; fileRef = 0A5801352A0EC7FC00487DB1 /* LoginViewController.swift */; };
		0A5801382A0EC86700487DB1 /* HomePageViewController.swift in Sources */ = {isa = PBXBuildFile; fileRef = 0A5801372A0EC86700487DB1 /* HomePageViewController.swift */; };
		0A58013A2A0ED0B500487DB1 /* AuthHeaderView.swift in Sources */ = {isa = PBXBuildFile; fileRef = 0A5801392A0ED0B500487DB1 /* AuthHeaderView.swift */; };
		0A59CF3C2A0F403E00F908E0 /* CustomTextField.swift in Sources */ = {isa = PBXBuildFile; fileRef = 0A59CF3B2A0F403D00F908E0 /* CustomTextField.swift */; };
		0A59CF3E2A0F478000F908E0 /* CustomButton.swift in Sources */ = {isa = PBXBuildFile; fileRef = 0A59CF3D2A0F478000F908E0 /* CustomButton.swift */; };
		0A59CF402A0F53F500F908E0 /* RegisterViewController.swift in Sources */ = {isa = PBXBuildFile; fileRef = 0A59CF3F2A0F53F500F908E0 /* RegisterViewController.swift */; };
		0A59CF442A0F78B100F908E0 /* GoogleService-Info.plist in Resources */ = {isa = PBXBuildFile; fileRef = 0A59CF432A0F78B100F908E0 /* GoogleService-Info.plist */; };
		0A59CF462A0F87DD00F908E0 /* AuthService.swift in Sources */ = {isa = PBXBuildFile; fileRef = 0A59CF452A0F87DD00F908E0 /* AuthService.swift */; };
		0A59CF492A0F92D100F908E0 /* FirebaseAuth in Frameworks */ = {isa = PBXBuildFile; productRef = 0A59CF482A0F92D100F908E0 /* FirebaseAuth */; };
		0A59CF4B2A0F92D100F908E0 /* FirebaseFirestore in Frameworks */ = {isa = PBXBuildFile; productRef = 0A59CF4A2A0F92D100F908E0 /* FirebaseFirestore */; };
		0A59CF512A0FB1F500F908E0 /* LoginUserRequest.swift in Sources */ = {isa = PBXBuildFile; fileRef = 0A59CF502A0FB1F500F908E0 /* LoginUserRequest.swift */; };
		0A59CF532A0FF94A00F908E0 /* BMIViewController.swift in Sources */ = {isa = PBXBuildFile; fileRef = 0A59CF522A0FF94900F908E0 /* BMIViewController.swift */; };
		0A64E0172A07C15D000A7084 /* AppDelegate.swift in Sources */ = {isa = PBXBuildFile; fileRef = 0A64E0162A07C15D000A7084 /* AppDelegate.swift */; };
		0A64E0192A07C15D000A7084 /* SceneDelegate.swift in Sources */ = {isa = PBXBuildFile; fileRef = 0A64E0182A07C15D000A7084 /* SceneDelegate.swift */; };
		0A64E01B2A07C15D000A7084 /* HomeViewController.swift in Sources */ = {isa = PBXBuildFile; fileRef = 0A64E01A2A07C15D000A7084 /* HomeViewController.swift */; };
		0A64E0202A07C165000A7084 /* Assets.xcassets in Resources */ = {isa = PBXBuildFile; fileRef = 0A64E01F2A07C165000A7084 /* Assets.xcassets */; };
		0A64E0232A07C165000A7084 /* LaunchScreen.storyboard in Resources */ = {isa = PBXBuildFile; fileRef = 0A64E0212A07C165000A7084 /* LaunchScreen.storyboard */; };
		0A64E0312A07D009000A7084 /* TabBarViewController.swift in Sources */ = {isa = PBXBuildFile; fileRef = 0A64E0302A07D009000A7084 /* TabBarViewController.swift */; };
		0A64E0352A07D07A000A7084 /* LibraryViewController.swift in Sources */ = {isa = PBXBuildFile; fileRef = 0A64E0342A07D07A000A7084 /* LibraryViewController.swift */; };
		0A64E0392A07D0D0000A7084 /* AuthViewController.swift in Sources */ = {isa = PBXBuildFile; fileRef = 0A64E0382A07D0D0000A7084 /* AuthViewController.swift */; };
		0A64E03B2A07D0F1000A7084 /* WelcomeViewController.swift in Sources */ = {isa = PBXBuildFile; fileRef = 0A64E03A2A07D0F1000A7084 /* WelcomeViewController.swift */; };
		0A64E03F2A07D135000A7084 /* ProfileViewController.swift in Sources */ = {isa = PBXBuildFile; fileRef = 0A64E03E2A07D135000A7084 /* ProfileViewController.swift */; };
		0A64E0452A07D1A3000A7084 /* SearchResultViewController.swift in Sources */ = {isa = PBXBuildFile; fileRef = 0A64E0442A07D1A3000A7084 /* SearchResultViewController.swift */; };
		0A684C712A094CC3007178D1 /* Extentions.swift in Sources */ = {isa = PBXBuildFile; fileRef = 0A684C702A094CC3007178D1 /* Extentions.swift */; };
		0A8EDAA12A10FC7F00E8D066 /* FirebaseAnalytics in Frameworks */ = {isa = PBXBuildFile; productRef = 0A8EDAA02A10FC7F00E8D066 /* FirebaseAnalytics */; };
		0A8EDAA32A10FC8700E8D066 /* FirebaseAnalyticsSwift-Beta in Frameworks */ = {isa = PBXBuildFile; productRef = 0A8EDAA22A10FC8700E8D066 /* FirebaseAnalyticsSwift-Beta */; };
		0A8EDAAB2A1120C700E8D066 /* UserViewController.swift in Sources */ = {isa = PBXBuildFile; fileRef = 0A8EDAAA2A1120B900E8D066 /* UserViewController.swift */; };
		0AA90D662A1560EE00E4FAA8 /* ListViewController.swift in Sources */ = {isa = PBXBuildFile; fileRef = 0AA90D652A1560EE00E4FAA8 /* ListViewController.swift */; };
		0AA90D682A156E4F00E4FAA8 /* ListTableViewCell.swift in Sources */ = {isa = PBXBuildFile; fileRef = 0AA90D672A156E4F00E4FAA8 /* ListTableViewCell.swift */; };
		0AA90D6A2A15780C00E4FAA8 /* FirebaseAuthCombine-Community in Frameworks */ = {isa = PBXBuildFile; productRef = 0AA90D692A15780C00E4FAA8 /* FirebaseAuthCombine-Community */; };
		0AA90D6C2A15781800E4FAA8 /* FirebaseDatabase in Frameworks */ = {isa = PBXBuildFile; productRef = 0AA90D6B2A15781800E4FAA8 /* FirebaseDatabase */; };
		0AA90D6E2A15784500E4FAA8 /* FirebaseDatabaseSwift-Beta in Frameworks */ = {isa = PBXBuildFile; productRef = 0AA90D6D2A15784500E4FAA8 /* FirebaseDatabaseSwift-Beta */; };
		0AA90D702A15785600E4FAA8 /* FirebaseFirestoreCombine-Community in Frameworks */ = {isa = PBXBuildFile; productRef = 0AA90D6F2A15785600E4FAA8 /* FirebaseFirestoreCombine-Community */; };
		0AA90D722A15788600E4FAA8 /* FirebaseFirestoreSwift-Beta in Frameworks */ = {isa = PBXBuildFile; productRef = 0AA90D712A15788600E4FAA8 /* FirebaseFirestoreSwift-Beta */; };
		0AA90D742A15789B00E4FAA8 /* FirebaseStorage in Frameworks */ = {isa = PBXBuildFile; productRef = 0AA90D732A15789B00E4FAA8 /* FirebaseStorage */; };
		0AA90D762A1578AF00E4FAA8 /* FirebaseStorageCombine-Community in Frameworks */ = {isa = PBXBuildFile; productRef = 0AA90D752A1578AF00E4FAA8 /* FirebaseStorageCombine-Community */; };
		0AA90D782A157E0C00E4FAA8 /* InputUser.swift in Sources */ = {isa = PBXBuildFile; fileRef = 0AA90D772A157E0C00E4FAA8 /* InputUser.swift */; };
/* End PBXBuildFile section */

/* Begin PBXFileReference section */
		0A4882492A17469500C2F9AC /* AppHomeViewController.swift */ = {isa = PBXFileReference; lastKnownFileType = sourcecode.swift; path = AppHomeViewController.swift; sourceTree = "<group>"; };
		0A48824B2A1747E300C2F9AC /* OnboardingViewController.swift */ = {isa = PBXFileReference; lastKnownFileType = sourcecode.swift; path = OnboardingViewController.swift; sourceTree = "<group>"; };
		0A5801312A0EC46F00487DB1 /* LoginScreenViewController.swift */ = {isa = PBXFileReference; lastKnownFileType = sourcecode.swift; path = LoginScreenViewController.swift; sourceTree = "<group>"; };
		0A5801332A0EC6C100487DB1 /* ForgetPwdViewController.swift */ = {isa = PBXFileReference; lastKnownFileType = sourcecode.swift; path = ForgetPwdViewController.swift; sourceTree = "<group>"; };
		0A5801352A0EC7FC00487DB1 /* LoginViewController.swift */ = {isa = PBXFileReference; lastKnownFileType = sourcecode.swift; path = LoginViewController.swift; sourceTree = "<group>"; };
		0A5801372A0EC86700487DB1 /* HomePageViewController.swift */ = {isa = PBXFileReference; lastKnownFileType = sourcecode.swift; path = HomePageViewController.swift; sourceTree = "<group>"; };
		0A5801392A0ED0B500487DB1 /* AuthHeaderView.swift */ = {isa = PBXFileReference; lastKnownFileType = sourcecode.swift; path = AuthHeaderView.swift; sourceTree = "<group>"; };
		0A59CF3B2A0F403D00F908E0 /* CustomTextField.swift */ = {isa = PBXFileReference; lastKnownFileType = sourcecode.swift; path = CustomTextField.swift; sourceTree = "<group>"; };
		0A59CF3D2A0F478000F908E0 /* CustomButton.swift */ = {isa = PBXFileReference; lastKnownFileType = sourcecode.swift; path = CustomButton.swift; sourceTree = "<group>"; };
		0A59CF3F2A0F53F500F908E0 /* RegisterViewController.swift */ = {isa = PBXFileReference; lastKnownFileType = sourcecode.swift; path = RegisterViewController.swift; sourceTree = "<group>"; };
		0A59CF432A0F78B100F908E0 /* GoogleService-Info.plist */ = {isa = PBXFileReference; fileEncoding = 4; lastKnownFileType = text.plist.xml; path = "GoogleService-Info.plist"; sourceTree = "<group>"; };
		0A59CF452A0F87DD00F908E0 /* AuthService.swift */ = {isa = PBXFileReference; lastKnownFileType = sourcecode.swift; path = AuthService.swift; sourceTree = "<group>"; };
		0A59CF502A0FB1F500F908E0 /* LoginUserRequest.swift */ = {isa = PBXFileReference; lastKnownFileType = sourcecode.swift; path = LoginUserRequest.swift; sourceTree = "<group>"; };
		0A59CF522A0FF94900F908E0 /* BMIViewController.swift */ = {isa = PBXFileReference; lastKnownFileType = sourcecode.swift; path = BMIViewController.swift; sourceTree = "<group>"; };
		0A64E0132A07C15D000A7084 /* ioscoursework.app */ = {isa = PBXFileReference; explicitFileType = wrapper.application; includeInIndex = 0; path = ioscoursework.app; sourceTree = BUILT_PRODUCTS_DIR; };
		0A64E0162A07C15D000A7084 /* AppDelegate.swift */ = {isa = PBXFileReference; lastKnownFileType = sourcecode.swift; path = AppDelegate.swift; sourceTree = "<group>"; };
		0A64E0182A07C15D000A7084 /* SceneDelegate.swift */ = {isa = PBXFileReference; lastKnownFileType = sourcecode.swift; path = SceneDelegate.swift; sourceTree = "<group>"; };
		0A64E01A2A07C15D000A7084 /* HomeViewController.swift */ = {isa = PBXFileReference; lastKnownFileType = sourcecode.swift; path = HomeViewController.swift; sourceTree = "<group>"; };
		0A64E01F2A07C165000A7084 /* Assets.xcassets */ = {isa = PBXFileReference; lastKnownFileType = folder.assetcatalog; path = Assets.xcassets; sourceTree = "<group>"; };
		0A64E0222A07C165000A7084 /* Base */ = {isa = PBXFileReference; lastKnownFileType = file.storyboard; name = Base; path = Base.lproj/LaunchScreen.storyboard; sourceTree = "<group>"; };
		0A64E0242A07C165000A7084 /* Info.plist */ = {isa = PBXFileReference; lastKnownFileType = text.plist.xml; path = Info.plist; sourceTree = "<group>"; };
		0A64E0302A07D009000A7084 /* TabBarViewController.swift */ = {isa = PBXFileReference; lastKnownFileType = sourcecode.swift; path = TabBarViewController.swift; sourceTree = "<group>"; };
		0A64E0342A07D07A000A7084 /* LibraryViewController.swift */ = {isa = PBXFileReference; lastKnownFileType = sourcecode.swift; path = LibraryViewController.swift; sourceTree = "<group>"; };
		0A64E0382A07D0D0000A7084 /* AuthViewController.swift */ = {isa = PBXFileReference; lastKnownFileType = sourcecode.swift; path = AuthViewController.swift; sourceTree = "<group>"; };
		0A64E03A2A07D0F1000A7084 /* WelcomeViewController.swift */ = {isa = PBXFileReference; lastKnownFileType = sourcecode.swift; path = WelcomeViewController.swift; sourceTree = "<group>"; };
		0A64E03E2A07D135000A7084 /* ProfileViewController.swift */ = {isa = PBXFileReference; lastKnownFileType = sourcecode.swift; path = ProfileViewController.swift; sourceTree = "<group>"; };
		0A64E0442A07D1A3000A7084 /* SearchResultViewController.swift */ = {isa = PBXFileReference; lastKnownFileType = sourcecode.swift; path = SearchResultViewController.swift; sourceTree = "<group>"; };
		0A684C702A094CC3007178D1 /* Extentions.swift */ = {isa = PBXFileReference; lastKnownFileType = sourcecode.swift; path = Extentions.swift; sourceTree = "<group>"; };
		0A8EDAAA2A1120B900E8D066 /* UserViewController.swift */ = {isa = PBXFileReference; lastKnownFileType = sourcecode.swift; path = UserViewController.swift; sourceTree = "<group>"; };
		0AA90D652A1560EE00E4FAA8 /* ListViewController.swift */ = {isa = PBXFileReference; lastKnownFileType = sourcecode.swift; path = ListViewController.swift; sourceTree = "<group>"; };
		0AA90D672A156E4F00E4FAA8 /* ListTableViewCell.swift */ = {isa = PBXFileReference; lastKnownFileType = sourcecode.swift; path = ListTableViewCell.swift; sourceTree = "<group>"; };
		0AA90D772A157E0C00E4FAA8 /* InputUser.swift */ = {isa = PBXFileReference; lastKnownFileType = sourcecode.swift; path = InputUser.swift; sourceTree = "<group>"; };
/* End PBXFileReference section */

/* Begin PBXFrameworksBuildPhase section */
		0A64E0102A07C15D000A7084 /* Frameworks */ = {
			isa = PBXFrameworksBuildPhase;
			buildActionMask = 2147483647;
			files = (
				0AA90D762A1578AF00E4FAA8 /* FirebaseStorageCombine-Community in Frameworks */,
				0AA90D6C2A15781800E4FAA8 /* FirebaseDatabase in Frameworks */,
				0AA90D702A15785600E4FAA8 /* FirebaseFirestoreCombine-Community in Frameworks */,
				0A59CF492A0F92D100F908E0 /* FirebaseAuth in Frameworks */,
				0AA90D742A15789B00E4FAA8 /* FirebaseStorage in Frameworks */,
				0A59CF4B2A0F92D100F908E0 /* FirebaseFirestore in Frameworks */,
				0A8EDAA32A10FC8700E8D066 /* FirebaseAnalyticsSwift-Beta in Frameworks */,
				0A8EDAA12A10FC7F00E8D066 /* FirebaseAnalytics in Frameworks */,
				0AA90D722A15788600E4FAA8 /* FirebaseFirestoreSwift-Beta in Frameworks */,
				0AA90D6E2A15784500E4FAA8 /* FirebaseDatabaseSwift-Beta in Frameworks */,
				0AA90D6A2A15780C00E4FAA8 /* FirebaseAuthCombine-Community in Frameworks */,
			);
			runOnlyForDeploymentPostprocessing = 0;
		};
/* End PBXFrameworksBuildPhase section */

/* Begin PBXGroup section */
		0A64E00A2A07C15D000A7084 = {
			isa = PBXGroup;
			children = (
				0A64E0152A07C15D000A7084 /* ioscoursework */,
				0A64E0142A07C15D000A7084 /* Products */,
				0A8EDA9F2A10FC7F00E8D066 /* Frameworks */,
			);
			sourceTree = "<group>";
		};
		0A64E0142A07C15D000A7084 /* Products */ = {
			isa = PBXGroup;
			children = (
				0A64E0132A07C15D000A7084 /* ioscoursework.app */,
			);
			name = Products;
			sourceTree = "<group>";
		};
		0A64E0152A07C15D000A7084 /* ioscoursework */ = {
			isa = PBXGroup;
			children = (
				0A64E02E2A07CC9F000A7084 /* Resources */,
				0A64E02D2A07CC93000A7084 /* ViewModels */,
				0A64E02C2A07CC89000A7084 /* Models */,
				0A64E02B2A07CC76000A7084 /* Views */,
				0A64E02A2A07CC6D000A7084 /* Controllers */,
				0A64E0242A07C165000A7084 /* Info.plist */,
				0A59CF452A0F87DD00F908E0 /* AuthService.swift */,
			);
			path = ioscoursework;
			sourceTree = "<group>";
		};
		0A64E02A2A07CC6D000A7084 /* Controllers */ = {
			isa = PBXGroup;
			children = (
				0A64E0372A07D0A8000A7084 /* Views */,
				0A64E0362A07D090000A7084 /* Core */,
			);
			path = Controllers;
			sourceTree = "<group>";
		};
		0A64E02B2A07CC76000A7084 /* Views */ = {
			isa = PBXGroup;
			children = (
				0A64E0212A07C165000A7084 /* LaunchScreen.storyboard */,
				0AA90D672A156E4F00E4FAA8 /* ListTableViewCell.swift */,
			);
			path = Views;
			sourceTree = "<group>";
		};
		0A64E02C2A07CC89000A7084 /* Models */ = {
			isa = PBXGroup;
			children = (
				0A59CF502A0FB1F500F908E0 /* LoginUserRequest.swift */,
				0AA90D772A157E0C00E4FAA8 /* InputUser.swift */,
			);
			path = Models;
			sourceTree = "<group>";
		};
		0A64E02D2A07CC93000A7084 /* ViewModels */ = {
			isa = PBXGroup;
			children = (
			);
			path = ViewModels;
			sourceTree = "<group>";
		};
		0A64E02E2A07CC9F000A7084 /* Resources */ = {
			isa = PBXGroup;
			children = (
				0A64E01F2A07C165000A7084 /* Assets.xcassets */,
				0A59CF432A0F78B100F908E0 /* GoogleService-Info.plist */,
				0A64E0182A07C15D000A7084 /* SceneDelegate.swift */,
				0A64E0162A07C15D000A7084 /* AppDelegate.swift */,
				0A684C702A094CC3007178D1 /* Extentions.swift */,
			);
			path = Resources;
			sourceTree = "<group>";
		};
		0A64E0362A07D090000A7084 /* Core */ = {
			isa = PBXGroup;
			children = (
				0A64E0342A07D07A000A7084 /* LibraryViewController.swift */,
			);
			path = Core;
			sourceTree = "<group>";
		};
		0A64E0372A07D0A8000A7084 /* Views */ = {
			isa = PBXGroup;
			children = (
				0A64E0382A07D0D0000A7084 /* AuthViewController.swift */,
				0A64E03A2A07D0F1000A7084 /* WelcomeViewController.swift */,
				0A64E03E2A07D135000A7084 /* ProfileViewController.swift */,
				0A64E0442A07D1A3000A7084 /* SearchResultViewController.swift */,
				0A5801312A0EC46F00487DB1 /* LoginScreenViewController.swift */,
				0A5801332A0EC6C100487DB1 /* ForgetPwdViewController.swift */,
				0A5801352A0EC7FC00487DB1 /* LoginViewController.swift */,
				0A5801372A0EC86700487DB1 /* HomePageViewController.swift */,
				0A5801392A0ED0B500487DB1 /* AuthHeaderView.swift */,
				0A59CF3B2A0F403D00F908E0 /* CustomTextField.swift */,
				0A59CF3D2A0F478000F908E0 /* CustomButton.swift */,
				0A59CF3F2A0F53F500F908E0 /* RegisterViewController.swift */,
				0A59CF522A0FF94900F908E0 /* BMIViewController.swift */,
				0A64E0302A07D009000A7084 /* TabBarViewController.swift */,
				0A8EDAAA2A1120B900E8D066 /* UserViewController.swift */,
				0A64E01A2A07C15D000A7084 /* HomeViewController.swift */,
				0AA90D652A1560EE00E4FAA8 /* ListViewController.swift */,
				0A4882492A17469500C2F9AC /* AppHomeViewController.swift */,
				0A48824B2A1747E300C2F9AC /* OnboardingViewController.swift */,
			);
			path = Views;
			sourceTree = "<group>";
		};
		0A8EDA9F2A10FC7F00E8D066 /* Frameworks */ = {
			isa = PBXGroup;
			children = (
			);
			name = Frameworks;
			sourceTree = "<group>";
		};
/* End PBXGroup section */

/* Begin PBXNativeTarget section */
		0A64E0122A07C15D000A7084 /* ioscoursework */ = {
			isa = PBXNativeTarget;
			buildConfigurationList = 0A64E0272A07C165000A7084 /* Build configuration list for PBXNativeTarget "ioscoursework" */;
			buildPhases = (
				0A64E00F2A07C15D000A7084 /* Sources */,
				0A64E0102A07C15D000A7084 /* Frameworks */,
				0A64E0112A07C15D000A7084 /* Resources */,
			);
			buildRules = (
			);
			dependencies = (
			);
			name = ioscoursework;
			packageProductDependencies = (
				0A59CF482A0F92D100F908E0 /* FirebaseAuth */,
				0A59CF4A2A0F92D100F908E0 /* FirebaseFirestore */,
				0A8EDAA02A10FC7F00E8D066 /* FirebaseAnalytics */,
				0A8EDAA22A10FC8700E8D066 /* FirebaseAnalyticsSwift-Beta */,
				0AA90D692A15780C00E4FAA8 /* FirebaseAuthCombine-Community */,
				0AA90D6B2A15781800E4FAA8 /* FirebaseDatabase */,
				0AA90D6D2A15784500E4FAA8 /* FirebaseDatabaseSwift-Beta */,
				0AA90D6F2A15785600E4FAA8 /* FirebaseFirestoreCombine-Community */,
				0AA90D712A15788600E4FAA8 /* FirebaseFirestoreSwift-Beta */,
				0AA90D732A15789B00E4FAA8 /* FirebaseStorage */,
				0AA90D752A1578AF00E4FAA8 /* FirebaseStorageCombine-Community */,
			);
			productName = ioscoursework;
			productReference = 0A64E0132A07C15D000A7084 /* ioscoursework.app */;
			productType = "com.apple.product-type.application";
		};
/* End PBXNativeTarget section */

/* Begin PBXProject section */
		0A64E00B2A07C15D000A7084 /* Project object */ = {
			isa = PBXProject;
			attributes = {
				LastSwiftUpdateCheck = 1250;
				LastUpgradeCheck = 1250;
				TargetAttributes = {
					0A64E0122A07C15D000A7084 = {
						CreatedOnToolsVersion = 12.5;
					};
				};
			};
			buildConfigurationList = 0A64E00E2A07C15D000A7084 /* Build configuration list for PBXProject "ioscoursework" */;
			compatibilityVersion = "Xcode 9.3";
			developmentRegion = en;
			hasScannedForEncodings = 0;
			knownRegions = (
				en,
				Base,
			);
			mainGroup = 0A64E00A2A07C15D000A7084;
			packageReferences = (
				0A59CF472A0F92D000F908E0 /* XCRemoteSwiftPackageReference "firebase-ios-sdk" */,
			);
			productRefGroup = 0A64E0142A07C15D000A7084 /* Products */;
			projectDirPath = "";
			projectRoot = "";
			targets = (
				0A64E0122A07C15D000A7084 /* ioscoursework */,
			);
		};
/* End PBXProject section */

/* Begin PBXResourcesBuildPhase section */
		0A64E0112A07C15D000A7084 /* Resources */ = {
			isa = PBXResourcesBuildPhase;
			buildActionMask = 2147483647;
			files = (
				0A64E0232A07C165000A7084 /* LaunchScreen.storyboard in Resources */,
				0A64E0202A07C165000A7084 /* Assets.xcassets in Resources */,
				0A59CF442A0F78B100F908E0 /* GoogleService-Info.plist in Resources */,
			);
			runOnlyForDeploymentPostprocessing = 0;
		};
/* End PBXResourcesBuildPhase section */

/* Begin PBXSourcesBuildPhase section */
		0A64E00F2A07C15D000A7084 /* Sources */ = {
			isa = PBXSourcesBuildPhase;
			buildActionMask = 2147483647;
			files = (
				0A8EDAAB2A1120C700E8D066 /* UserViewController.swift in Sources */,
				0A5801342A0EC6C100487DB1 /* ForgetPwdViewController.swift in Sources */,
				0AA90D662A1560EE00E4FAA8 /* ListViewController.swift in Sources */,
				0A59CF3E2A0F478000F908E0 /* CustomButton.swift in Sources */,
				0A64E03B2A07D0F1000A7084 /* WelcomeViewController.swift in Sources */,
				0A64E03F2A07D135000A7084 /* ProfileViewController.swift in Sources */,
				0A64E0312A07D009000A7084 /* TabBarViewController.swift in Sources */,
				0A64E01B2A07C15D000A7084 /* HomeViewController.swift in Sources */,
				0AA90D682A156E4F00E4FAA8 /* ListTableViewCell.swift in Sources */,
				0A59CF3C2A0F403E00F908E0 /* CustomTextField.swift in Sources */,
				0A64E0392A07D0D0000A7084 /* AuthViewController.swift in Sources */,
				0A5801322A0EC46F00487DB1 /* LoginScreenViewController.swift in Sources */,
				0A5801362A0EC7FC00487DB1 /* LoginViewController.swift in Sources */,
				0AA90D782A157E0C00E4FAA8 /* InputUser.swift in Sources */,
				0A64E0172A07C15D000A7084 /* AppDelegate.swift in Sources */,
				0A59CF512A0FB1F500F908E0 /* LoginUserRequest.swift in Sources */,
				0A5801382A0EC86700487DB1 /* HomePageViewController.swift in Sources */,
				0A64E0352A07D07A000A7084 /* LibraryViewController.swift in Sources */,
				0A64E0452A07D1A3000A7084 /* SearchResultViewController.swift in Sources */,
				0A58013A2A0ED0B500487DB1 /* AuthHeaderView.swift in Sources */,
				0A59CF532A0FF94A00F908E0 /* BMIViewController.swift in Sources */,
				0A64E0192A07C15D000A7084 /* SceneDelegate.swift in Sources */,
				0A59CF462A0F87DD00F908E0 /* AuthService.swift in Sources */,
				0A684C712A094CC3007178D1 /* Extentions.swift in Sources */,
				0A59CF402A0F53F500F908E0 /* RegisterViewController.swift in Sources */,
				0A48824C2A1747E300C2F9AC /* OnboardingViewController.swift in Sources */,
				0A48824A2A17469500C2F9AC /* AppHomeViewController.swift in Sources */,
			);
			runOnlyForDeploymentPostprocessing = 0;
		};
/* End PBXSourcesBuildPhase section */

/* Begin PBXVariantGroup section */
		0A64E0212A07C165000A7084 /* LaunchScreen.storyboard */ = {
			isa = PBXVariantGroup;
			children = (
				0A64E0222A07C165000A7084 /* Base */,
			);
			name = LaunchScreen.storyboard;
			sourceTree = "<group>";
		};
/* End PBXVariantGroup section */

/* Begin XCBuildConfiguration section */
		0A64E0252A07C165000A7084 /* Debug */ = {
			isa = XCBuildConfiguration;
			buildSettings = {
				ALWAYS_SEARCH_USER_PATHS = NO;
				CLANG_ANALYZER_NONNULL = YES;
				CLANG_ANALYZER_NUMBER_OBJECT_CONVERSION = YES_AGGRESSIVE;
				CLANG_CXX_LANGUAGE_STANDARD = "gnu++14";
				CLANG_CXX_LIBRARY = "libc++";
				CLANG_ENABLE_MODULES = YES;
				CLANG_ENABLE_OBJC_ARC = YES;
				CLANG_ENABLE_OBJC_WEAK = YES;
				CLANG_WARN_BLOCK_CAPTURE_AUTORELEASING = YES;
				CLANG_WARN_BOOL_CONVERSION = YES;
				CLANG_WARN_COMMA = YES;
				CLANG_WARN_CONSTANT_CONVERSION = YES;
				CLANG_WARN_DEPRECATED_OBJC_IMPLEMENTATIONS = YES;
				CLANG_WARN_DIRECT_OBJC_ISA_USAGE = YES_ERROR;
				CLANG_WARN_DOCUMENTATION_COMMENTS = YES;
				CLANG_WARN_EMPTY_BODY = YES;
				CLANG_WARN_ENUM_CONVERSION = YES;
				CLANG_WARN_INFINITE_RECURSION = YES;
				CLANG_WARN_INT_CONVERSION = YES;
				CLANG_WARN_NON_LITERAL_NULL_CONVERSION = YES;
				CLANG_WARN_OBJC_IMPLICIT_RETAIN_SELF = YES;
				CLANG_WARN_OBJC_LITERAL_CONVERSION = YES;
				CLANG_WARN_OBJC_ROOT_CLASS = YES_ERROR;
				CLANG_WARN_QUOTED_INCLUDE_IN_FRAMEWORK_HEADER = YES;
				CLANG_WARN_RANGE_LOOP_ANALYSIS = YES;
				CLANG_WARN_STRICT_PROTOTYPES = YES;
				CLANG_WARN_SUSPICIOUS_MOVE = YES;
				CLANG_WARN_UNGUARDED_AVAILABILITY = YES_AGGRESSIVE;
				CLANG_WARN_UNREACHABLE_CODE = YES;
				CLANG_WARN__DUPLICATE_METHOD_MATCH = YES;
				COPY_PHASE_STRIP = NO;
				DEBUG_INFORMATION_FORMAT = dwarf;
				ENABLE_STRICT_OBJC_MSGSEND = YES;
				ENABLE_TESTABILITY = YES;
				GCC_C_LANGUAGE_STANDARD = gnu11;
				GCC_DYNAMIC_NO_PIC = NO;
				GCC_NO_COMMON_BLOCKS = YES;
				GCC_OPTIMIZATION_LEVEL = 0;
				GCC_PREPROCESSOR_DEFINITIONS = (
					"DEBUG=1",
					"$(inherited)",
				);
				GCC_WARN_64_TO_32_BIT_CONVERSION = YES;
				GCC_WARN_ABOUT_RETURN_TYPE = YES_ERROR;
				GCC_WARN_UNDECLARED_SELECTOR = YES;
				GCC_WARN_UNINITIALIZED_AUTOS = YES_AGGRESSIVE;
				GCC_WARN_UNUSED_FUNCTION = YES;
				GCC_WARN_UNUSED_VARIABLE = YES;
				IPHONEOS_DEPLOYMENT_TARGET = 14.5;
				MTL_ENABLE_DEBUG_INFO = INCLUDE_SOURCE;
				MTL_FAST_MATH = YES;
				ONLY_ACTIVE_ARCH = YES;
				SDKROOT = iphoneos;
				SWIFT_ACTIVE_COMPILATION_CONDITIONS = DEBUG;
				SWIFT_OPTIMIZATION_LEVEL = "-Onone";
			};
			name = Debug;
		};
		0A64E0262A07C165000A7084 /* Release */ = {
			isa = XCBuildConfiguration;
			buildSettings = {
				ALWAYS_SEARCH_USER_PATHS = NO;
				CLANG_ANALYZER_NONNULL = YES;
				CLANG_ANALYZER_NUMBER_OBJECT_CONVERSION = YES_AGGRESSIVE;
				CLANG_CXX_LANGUAGE_STANDARD = "gnu++14";
				CLANG_CXX_LIBRARY = "libc++";
				CLANG_ENABLE_MODULES = YES;
				CLANG_ENABLE_OBJC_ARC = YES;
				CLANG_ENABLE_OBJC_WEAK = YES;
				CLANG_WARN_BLOCK_CAPTURE_AUTORELEASING = YES;
				CLANG_WARN_BOOL_CONVERSION = YES;
				CLANG_WARN_COMMA = YES;
				CLANG_WARN_CONSTANT_CONVERSION = YES;
				CLANG_WARN_DEPRECATED_OBJC_IMPLEMENTATIONS = YES;
				CLANG_WARN_DIRECT_OBJC_ISA_USAGE = YES_ERROR;
				CLANG_WARN_DOCUMENTATION_COMMENTS = YES;
				CLANG_WARN_EMPTY_BODY = YES;
				CLANG_WARN_ENUM_CONVERSION = YES;
				CLANG_WARN_INFINITE_RECURSION = YES;
				CLANG_WARN_INT_CONVERSION = YES;
				CLANG_WARN_NON_LITERAL_NULL_CONVERSION = YES;
				CLANG_WARN_OBJC_IMPLICIT_RETAIN_SELF = YES;
				CLANG_WARN_OBJC_LITERAL_CONVERSION = YES;
				CLANG_WARN_OBJC_ROOT_CLASS = YES_ERROR;
				CLANG_WARN_QUOTED_INCLUDE_IN_FRAMEWORK_HEADER = YES;
				CLANG_WARN_RANGE_LOOP_ANALYSIS = YES;
				CLANG_WARN_STRICT_PROTOTYPES = YES;
				CLANG_WARN_SUSPICIOUS_MOVE = YES;
				CLANG_WARN_UNGUARDED_AVAILABILITY = YES_AGGRESSIVE;
				CLANG_WARN_UNREACHABLE_CODE = YES;
				CLANG_WARN__DUPLICATE_METHOD_MATCH = YES;
				COPY_PHASE_STRIP = NO;
				DEBUG_INFORMATION_FORMAT = "dwarf-with-dsym";
				ENABLE_NS_ASSERTIONS = NO;
				ENABLE_STRICT_OBJC_MSGSEND = YES;
				GCC_C_LANGUAGE_STANDARD = gnu11;
				GCC_NO_COMMON_BLOCKS = YES;
				GCC_WARN_64_TO_32_BIT_CONVERSION = YES;
				GCC_WARN_ABOUT_RETURN_TYPE = YES_ERROR;
				GCC_WARN_UNDECLARED_SELECTOR = YES;
				GCC_WARN_UNINITIALIZED_AUTOS = YES_AGGRESSIVE;
				GCC_WARN_UNUSED_FUNCTION = YES;
				GCC_WARN_UNUSED_VARIABLE = YES;
				IPHONEOS_DEPLOYMENT_TARGET = 14.5;
				MTL_ENABLE_DEBUG_INFO = NO;
				MTL_FAST_MATH = YES;
				SDKROOT = iphoneos;
				SWIFT_COMPILATION_MODE = wholemodule;
				SWIFT_OPTIMIZATION_LEVEL = "-O";
				VALIDATE_PRODUCT = YES;
			};
			name = Release;
		};
		0A64E0282A07C165000A7084 /* Debug */ = {
			isa = XCBuildConfiguration;
			buildSettings = {
				ASSETCATALOG_COMPILER_APPICON_NAME = AppIcon;
				ASSETCATALOG_COMPILER_GLOBAL_ACCENT_COLOR_NAME = AccentColor;
				CODE_SIGN_STYLE = Automatic;
				DEVELOPMENT_TEAM = L4A4GYJFP9;
				INFOPLIST_FILE = ioscoursework/Info.plist;
				LD_RUNPATH_SEARCH_PATHS = (
					"$(inherited)",
					"@executable_path/Frameworks",
				);
				PRODUCT_BUNDLE_IDENTIFIER = com.nibm.ioscoursework;
				PRODUCT_NAME = "$(TARGET_NAME)";
				SWIFT_VERSION = 5.0;
				TARGETED_DEVICE_FAMILY = "1,2";
			};
			name = Debug;
		};
		0A64E0292A07C165000A7084 /* Release */ = {
			isa = XCBuildConfiguration;
			buildSettings = {
				ASSETCATALOG_COMPILER_APPICON_NAME = AppIcon;
				ASSETCATALOG_COMPILER_GLOBAL_ACCENT_COLOR_NAME = AccentColor;
				CODE_SIGN_STYLE = Automatic;
				DEVELOPMENT_TEAM = L4A4GYJFP9;
				INFOPLIST_FILE = ioscoursework/Info.plist;
				LD_RUNPATH_SEARCH_PATHS = (
					"$(inherited)",
					"@executable_path/Frameworks",
				);
				PRODUCT_BUNDLE_IDENTIFIER = com.nibm.ioscoursework;
				PRODUCT_NAME = "$(TARGET_NAME)";
				SWIFT_VERSION = 5.0;
				TARGETED_DEVICE_FAMILY = "1,2";
			};
			name = Release;
		};
/* End XCBuildConfiguration section */

/* Begin XCConfigurationList section */
		0A64E00E2A07C15D000A7084 /* Build configuration list for PBXProject "ioscoursework" */ = {
			isa = XCConfigurationList;
			buildConfigurations = (
				0A64E0252A07C165000A7084 /* Debug */,
				0A64E0262A07C165000A7084 /* Release */,
			);
			defaultConfigurationIsVisible = 0;
			defaultConfigurationName = Release;
		};
		0A64E0272A07C165000A7084 /* Build configuration list for PBXNativeTarget "ioscoursework" */ = {
			isa = XCConfigurationList;
			buildConfigurations = (
				0A64E0282A07C165000A7084 /* Debug */,
				0A64E0292A07C165000A7084 /* Release */,
			);
			defaultConfigurationIsVisible = 0;
			defaultConfigurationName = Release;
		};
/* End XCConfigurationList section */

/* Begin XCRemoteSwiftPackageReference section */
		0A59CF472A0F92D000F908E0 /* XCRemoteSwiftPackageReference "firebase-ios-sdk" */ = {
			isa = XCRemoteSwiftPackageReference;
			repositoryURL = "https://github.com/firebase/firebase-ios-sdk";
			requirement = {
				kind = upToNextMajorVersion;
				minimumVersion = 8.0.0;
			};
		};
/* End XCRemoteSwiftPackageReference section */

/* Begin XCSwiftPackageProductDependency section */
		0A59CF482A0F92D100F908E0 /* FirebaseAuth */ = {
			isa = XCSwiftPackageProductDependency;
			package = 0A59CF472A0F92D000F908E0 /* XCRemoteSwiftPackageReference "firebase-ios-sdk" */;
			productName = FirebaseAuth;
		};
		0A59CF4A2A0F92D100F908E0 /* FirebaseFirestore */ = {
			isa = XCSwiftPackageProductDependency;
			package = 0A59CF472A0F92D000F908E0 /* XCRemoteSwiftPackageReference "firebase-ios-sdk" */;
			productName = FirebaseFirestore;
		};
		0A8EDAA02A10FC7F00E8D066 /* FirebaseAnalytics */ = {
			isa = XCSwiftPackageProductDependency;
			package = 0A59CF472A0F92D000F908E0 /* XCRemoteSwiftPackageReference "firebase-ios-sdk" */;
			productName = FirebaseAnalytics;
		};
		0A8EDAA22A10FC8700E8D066 /* FirebaseAnalyticsSwift-Beta */ = {
			isa = XCSwiftPackageProductDependency;
			package = 0A59CF472A0F92D000F908E0 /* XCRemoteSwiftPackageReference "firebase-ios-sdk" */;
			productName = "FirebaseAnalyticsSwift-Beta";
		};
		0AA90D692A15780C00E4FAA8 /* FirebaseAuthCombine-Community */ = {
			isa = XCSwiftPackageProductDependency;
			package = 0A59CF472A0F92D000F908E0 /* XCRemoteSwiftPackageReference "firebase-ios-sdk" */;
			productName = "FirebaseAuthCombine-Community";
		};
		0AA90D6B2A15781800E4FAA8 /* FirebaseDatabase */ = {
			isa = XCSwiftPackageProductDependency;
			package = 0A59CF472A0F92D000F908E0 /* XCRemoteSwiftPackageReference "firebase-ios-sdk" */;
			productName = FirebaseDatabase;
		};
		0AA90D6D2A15784500E4FAA8 /* FirebaseDatabaseSwift-Beta */ = {
			isa = XCSwiftPackageProductDependency;
			package = 0A59CF472A0F92D000F908E0 /* XCRemoteSwiftPackageReference "firebase-ios-sdk" */;
			productName = "FirebaseDatabaseSwift-Beta";
		};
		0AA90D6F2A15785600E4FAA8 /* FirebaseFirestoreCombine-Community */ = {
			isa = XCSwiftPackageProductDependency;
			package = 0A59CF472A0F92D000F908E0 /* XCRemoteSwiftPackageReference "firebase-ios-sdk" */;
			productName = "FirebaseFirestoreCombine-Community";
		};
		0AA90D712A15788600E4FAA8 /* FirebaseFirestoreSwift-Beta */ = {
			isa = XCSwiftPackageProductDependency;
			package = 0A59CF472A0F92D000F908E0 /* XCRemoteSwiftPackageReference "firebase-ios-sdk" */;
			productName = "FirebaseFirestoreSwift-Beta";
		};
		0AA90D732A15789B00E4FAA8 /* FirebaseStorage */ = {
			isa = XCSwiftPackageProductDependency;
			package = 0A59CF472A0F92D000F908E0 /* XCRemoteSwiftPackageReference "firebase-ios-sdk" */;
			productName = FirebaseStorage;
		};
		0AA90D752A1578AF00E4FAA8 /* FirebaseStorageCombine-Community */ = {
			isa = XCSwiftPackageProductDependency;
			package = 0A59CF472A0F92D000F908E0 /* XCRemoteSwiftPackageReference "firebase-ios-sdk" */;
			productName = "FirebaseStorageCombine-Community";
		};
/* End XCSwiftPackageProductDependency section */
	};
	rootObject = 0A64E00B2A07C15D000A7084 /* Project object */;
}
